
Microsoft Visual Studio Solution File, Format Version 12.00
# Visual Studio Version 17
VisualStudioVersion = 17.3.32929.385
MinimumVisualStudioVersion = 10.0.40219.1
Project("{FAE04EC0-301F-11D3-BF4B-00C04F79EFBC}") = "VADR", "VADR.csproj", "{7904D234-27D4-4C98-8008-31914BE1EA9A}"
EndProject
Global
	GlobalSection(SolutionConfigurationPlatforms) = preSolution
		Debug|Any CPU = Debug|Any CPU
		Release|Any CPU = Release|Any CPU
	EndGlobalSection
	GlobalSection(ProjectConfigurationPlatforms) = postSolution
		{7904D234-27D4-4C98-8008-31914BE1EA9A}.Debug|Any CPU.ActiveCfg = Debug|Any CPU
		{7904D234-27D4-4C98-8008-31914BE1EA9A}.Debug|Any CPU.Build.0 = Debug|Any CPU
		{7904D234-27D4-4C98-8008-31914BE1EA9A}.Release|Any CPU.ActiveCfg = Release|Any CPU
		{7904D234-27D4-4C98-8008-31914BE1EA9A}.Release|Any CPU.Build.0 = Release|Any CPU
	EndGlobalSection
	GlobalSection(SolutionProperties) = preSolution
		HideSolutionNode = FALSE
	EndGlobalSection
	GlobalSection(ExtensibilityGlobals) = postSolution
		SolutionGuid = {C9503EF8-CCD4-4CF0-92C8-DF024EB5B255}
	EndGlobalSection
EndGlobal
